// !$*UTF8*$!
{
	archiveVersion = 1;
	classes = {
	};
	objectVersion = 56;
	objects = {

/* Begin PBXBuildFile section */
		3B7A238F2C5E2DA200AABA3B /* AppDelegate.swift in Sources */ = {isa = PBXBuildFile; fileRef = 3B7A238E2C5E2DA200AABA3B /* AppDelegate.swift */; };
		3B7A23912C5E2DA200AABA3B /* SceneDelegate.swift in Sources */ = {isa = PBXBuildFile; fileRef = 3B7A23902C5E2DA200AABA3B /* SceneDelegate.swift */; };
		3B7A23932C5E2DA200AABA3B /* main.swift in Sources */ = {isa = PBXBuildFile; fileRef = 3B7A23922C5E2DA200AABA3B /* main.swift */; };
		3B7A23952C5E2DA200AABA3B /* HomeViewController.swift in Sources */ = {isa = PBXBuildFile; fileRef = 3B7A23942C5E2DA200AABA3B /* HomeViewController.swift */; };
		3B7A23972C5E2DA200AABA3B /* HomeViewModel.swift in Sources */ = {isa = PBXBuildFile; fileRef = 3B7A23962C5E2DA200AABA3B /* HomeViewModel.swift */; };
		3B7A23992C5E2DA300AABA3B /* Assets.xcassets in Resources */ = {isa = PBXBuildFile; fileRef = 3B7A23982C5E2DA300AABA3B /* Assets.xcassets */; };
		3B7A239C2C5E2DA300AABA3B /* Base in Resources */ = {isa = PBXBuildFile; fileRef = 3B7A239B2C5E2DA300AABA3B /* Base */; };
		3B7A23A72C5E2DA300AABA3B /* TPETravelTests.swift in Sources */ = {isa = PBXBuildFile; fileRef = 3B7A23A62C5E2DA300AABA3B /* TPETravelTests.swift */; };
		3B7A23B12C5E2DA300AABA3B /* TPETravelUITests.swift in Sources */ = {isa = PBXBuildFile; fileRef = 3B7A23B02C5E2DA300AABA3B /* TPETravelUITests.swift */; };
		3B7A23B32C5E2DA300AABA3B /* TPETravelUITestsLaunchTests.swift in Sources */ = {isa = PBXBuildFile; fileRef = 3B7A23B22C5E2DA300AABA3B /* TPETravelUITestsLaunchTests.swift */; };
		3B7A23CB2C5E2E7E00AABA3B /* NewsViewController.swift in Sources */ = {isa = PBXBuildFile; fileRef = 3B7A23C92C5E2E7E00AABA3B /* NewsViewController.swift */; };
		3B7A23CC2C5E2E7E00AABA3B /* NewsViewModel.swift in Sources */ = {isa = PBXBuildFile; fileRef = 3B7A23CA2C5E2E7E00AABA3B /* NewsViewModel.swift */; };
		3B7A23D02C5E2E8E00AABA3B /* SpotsViewController.swift in Sources */ = {isa = PBXBuildFile; fileRef = 3B7A23CE2C5E2E8E00AABA3B /* SpotsViewController.swift */; };
		3B7A23D12C5E2E8E00AABA3B /* SpotsViewModel.swift in Sources */ = {isa = PBXBuildFile; fileRef = 3B7A23CF2C5E2E8E00AABA3B /* SpotsViewModel.swift */; };
		3B7A23D42C5E2EC400AABA3B /* CombineCocoa in Frameworks */ = {isa = PBXBuildFile; productRef = 3B7A23D32C5E2EC400AABA3B /* CombineCocoa */; };
		3B7A23D72C5E2F2800AABA3B /* SnapshotTesting in Frameworks */ = {isa = PBXBuildFile; productRef = 3B7A23D62C5E2F2800AABA3B /* SnapshotTesting */; };
		3B7A23D92C5E32C700AABA3B /* LabelFactory.swift in Sources */ = {isa = PBXBuildFile; fileRef = 3B7A23D82C5E32C700AABA3B /* LabelFactory.swift */; };
		3B7A23DC2C5E32D400AABA3B /* ThemeColor.swift in Sources */ = {isa = PBXBuildFile; fileRef = 3B7A23DA2C5E32D400AABA3B /* ThemeColor.swift */; };
		3B7A23DD2C5E32D400AABA3B /* ThemeFont.swift in Sources */ = {isa = PBXBuildFile; fileRef = 3B7A23DB2C5E32D400AABA3B /* ThemeFont.swift */; };
		3B7A23E12C5E32E000AABA3B /* UIResponder+Extension.swift in Sources */ = {isa = PBXBuildFile; fileRef = 3B7A23DE2C5E32E000AABA3B /* UIResponder+Extension.swift */; };
		3B7A23E22C5E32E000AABA3B /* UIView+Extension.swift in Sources */ = {isa = PBXBuildFile; fileRef = 3B7A23DF2C5E32E000AABA3B /* UIView+Extension.swift */; };
		3B7A23E32C5E32E000AABA3B /* UIColor+Extension.swift in Sources */ = {isa = PBXBuildFile; fileRef = 3B7A23E02C5E32E000AABA3B /* UIColor+Extension.swift */; };
		3B7A23E52C5E330D00AABA3B /* NetworkService.swift in Sources */ = {isa = PBXBuildFile; fileRef = 3B7A23E42C5E330D00AABA3B /* NetworkService.swift */; };
/* End PBXBuildFile section */

/* Begin PBXContainerItemProxy section */
		3B7A23A32C5E2DA300AABA3B /* PBXContainerItemProxy */ = {
			isa = PBXContainerItemProxy;
			containerPortal = 3B7A23832C5E2DA200AABA3B /* Project object */;
			proxyType = 1;
			remoteGlobalIDString = 3B7A238A2C5E2DA200AABA3B;
			remoteInfo = TPETravel;
		};
		3B7A23AD2C5E2DA300AABA3B /* PBXContainerItemProxy */ = {
			isa = PBXContainerItemProxy;
			containerPortal = 3B7A23832C5E2DA200AABA3B /* Project object */;
			proxyType = 1;
			remoteGlobalIDString = 3B7A238A2C5E2DA200AABA3B;
			remoteInfo = TPETravel;
		};
/* End PBXContainerItemProxy section */

/* Begin PBXFileReference section */
		3B7A238B2C5E2DA200AABA3B /* TPETravel.app */ = {isa = PBXFileReference; explicitFileType = wrapper.application; includeInIndex = 0; path = TPETravel.app; sourceTree = BUILT_PRODUCTS_DIR; };
		3B7A238E2C5E2DA200AABA3B /* AppDelegate.swift */ = {isa = PBXFileReference; lastKnownFileType = sourcecode.swift; path = AppDelegate.swift; sourceTree = "<group>"; };
		3B7A23902C5E2DA200AABA3B /* SceneDelegate.swift */ = {isa = PBXFileReference; lastKnownFileType = sourcecode.swift; path = SceneDelegate.swift; sourceTree = "<group>"; };
		3B7A23922C5E2DA200AABA3B /* main.swift */ = {isa = PBXFileReference; lastKnownFileType = sourcecode.swift; path = main.swift; sourceTree = "<group>"; };
		3B7A23942C5E2DA200AABA3B /* HomeViewController.swift */ = {isa = PBXFileReference; lastKnownFileType = sourcecode.swift; path = HomeViewController.swift; sourceTree = "<group>"; };
		3B7A23962C5E2DA200AABA3B /* HomeViewModel.swift */ = {isa = PBXFileReference; lastKnownFileType = sourcecode.swift; path = HomeViewModel.swift; sourceTree = "<group>"; };
		3B7A23982C5E2DA300AABA3B /* Assets.xcassets */ = {isa = PBXFileReference; lastKnownFileType = folder.assetcatalog; path = Assets.xcassets; sourceTree = "<group>"; };
		3B7A239B2C5E2DA300AABA3B /* Base */ = {isa = PBXFileReference; lastKnownFileType = file.storyboard; name = Base; path = Base.lproj/LaunchScreen.storyboard; sourceTree = "<group>"; };
		3B7A239D2C5E2DA300AABA3B /* Info.plist */ = {isa = PBXFileReference; lastKnownFileType = text.plist.xml; path = Info.plist; sourceTree = "<group>"; };
		3B7A23A22C5E2DA300AABA3B /* TPETravelTests.xctest */ = {isa = PBXFileReference; explicitFileType = wrapper.cfbundle; includeInIndex = 0; path = TPETravelTests.xctest; sourceTree = BUILT_PRODUCTS_DIR; };
		3B7A23A62C5E2DA300AABA3B /* TPETravelTests.swift */ = {isa = PBXFileReference; lastKnownFileType = sourcecode.swift; path = TPETravelTests.swift; sourceTree = "<group>"; };
		3B7A23AC2C5E2DA300AABA3B /* TPETravelUITests.xctest */ = {isa = PBXFileReference; explicitFileType = wrapper.cfbundle; includeInIndex = 0; path = TPETravelUITests.xctest; sourceTree = BUILT_PRODUCTS_DIR; };
		3B7A23B02C5E2DA300AABA3B /* TPETravelUITests.swift */ = {isa = PBXFileReference; lastKnownFileType = sourcecode.swift; path = TPETravelUITests.swift; sourceTree = "<group>"; };
		3B7A23B22C5E2DA300AABA3B /* TPETravelUITestsLaunchTests.swift */ = {isa = PBXFileReference; lastKnownFileType = sourcecode.swift; path = TPETravelUITestsLaunchTests.swift; sourceTree = "<group>"; };
		3B7A23C92C5E2E7E00AABA3B /* NewsViewController.swift */ = {isa = PBXFileReference; lastKnownFileType = sourcecode.swift; path = NewsViewController.swift; sourceTree = "<group>"; };
		3B7A23CA2C5E2E7E00AABA3B /* NewsViewModel.swift */ = {isa = PBXFileReference; lastKnownFileType = sourcecode.swift; path = NewsViewModel.swift; sourceTree = "<group>"; };
		3B7A23CE2C5E2E8E00AABA3B /* SpotsViewController.swift */ = {isa = PBXFileReference; lastKnownFileType = sourcecode.swift; path = SpotsViewController.swift; sourceTree = "<group>"; };
		3B7A23CF2C5E2E8E00AABA3B /* SpotsViewModel.swift */ = {isa = PBXFileReference; lastKnownFileType = sourcecode.swift; path = SpotsViewModel.swift; sourceTree = "<group>"; };
		3B7A23D82C5E32C700AABA3B /* LabelFactory.swift */ = {isa = PBXFileReference; fileEncoding = 4; lastKnownFileType = sourcecode.swift; path = LabelFactory.swift; sourceTree = "<group>"; };
		3B7A23DA2C5E32D400AABA3B /* ThemeColor.swift */ = {isa = PBXFileReference; fileEncoding = 4; lastKnownFileType = sourcecode.swift; path = ThemeColor.swift; sourceTree = "<group>"; };
		3B7A23DB2C5E32D400AABA3B /* ThemeFont.swift */ = {isa = PBXFileReference; fileEncoding = 4; lastKnownFileType = sourcecode.swift; path = ThemeFont.swift; sourceTree = "<group>"; };
		3B7A23DE2C5E32E000AABA3B /* UIResponder+Extension.swift */ = {isa = PBXFileReference; fileEncoding = 4; lastKnownFileType = sourcecode.swift; path = "UIResponder+Extension.swift"; sourceTree = "<group>"; };
		3B7A23DF2C5E32E000AABA3B /* UIView+Extension.swift */ = {isa = PBXFileReference; fileEncoding = 4; lastKnownFileType = sourcecode.swift; path = "UIView+Extension.swift"; sourceTree = "<group>"; };
		3B7A23E02C5E32E000AABA3B /* UIColor+Extension.swift */ = {isa = PBXFileReference; fileEncoding = 4; lastKnownFileType = sourcecode.swift; path = "UIColor+Extension.swift"; sourceTree = "<group>"; };
		3B7A23E42C5E330D00AABA3B /* NetworkService.swift */ = {isa = PBXFileReference; lastKnownFileType = sourcecode.swift; path = NetworkService.swift; sourceTree = "<group>"; };
/* End PBXFileReference section */

/* Begin PBXFrameworksBuildPhase section */
		3B7A23882C5E2DA200AABA3B /* Frameworks */ = {
			isa = PBXFrameworksBuildPhase;
			buildActionMask = 2147483647;
			files = (
				3B7A23D42C5E2EC400AABA3B /* CombineCocoa in Frameworks */,
			);
			runOnlyForDeploymentPostprocessing = 0;
		};
		3B7A239F2C5E2DA300AABA3B /* Frameworks */ = {
			isa = PBXFrameworksBuildPhase;
			buildActionMask = 2147483647;
			files = (
			);
			runOnlyForDeploymentPostprocessing = 0;
		};
		3B7A23A92C5E2DA300AABA3B /* Frameworks */ = {
			isa = PBXFrameworksBuildPhase;
			buildActionMask = 2147483647;
			files = (
				3B7A23D72C5E2F2800AABA3B /* SnapshotTesting in Frameworks */,
			);
			runOnlyForDeploymentPostprocessing = 0;
		};
/* End PBXFrameworksBuildPhase section */

/* Begin PBXGroup section */
		3B7A23822C5E2DA200AABA3B = {
			isa = PBXGroup;
			children = (
				3B7A238D2C5E2DA200AABA3B /* TPETravel */,
				3B7A23A52C5E2DA300AABA3B /* TPETravelTests */,
				3B7A23AF2C5E2DA300AABA3B /* TPETravelUITests */,
				3B7A238C2C5E2DA200AABA3B /* Products */,
			);
			sourceTree = "<group>";
		};
		3B7A238C2C5E2DA200AABA3B /* Products */ = {
			isa = PBXGroup;
			children = (
				3B7A238B2C5E2DA200AABA3B /* TPETravel.app */,
				3B7A23A22C5E2DA300AABA3B /* TPETravelTests.xctest */,
				3B7A23AC2C5E2DA300AABA3B /* TPETravelUITests.xctest */,
			);
			name = Products;
			sourceTree = "<group>";
		};
		3B7A238D2C5E2DA200AABA3B /* TPETravel */ = {
			isa = PBXGroup;
			children = (
				3B7A238E2C5E2DA200AABA3B /* AppDelegate.swift */,
				3B7A23902C5E2DA200AABA3B /* SceneDelegate.swift */,
				3B7A23922C5E2DA200AABA3B /* main.swift */,
				3B7A23CD2C5E2E8300AABA3B /* Spots */,
				3B7A23C62C5E2E4800AABA3B /* News */,
				3B7A23C52C5E2E4000AABA3B /* Home */,
				3B7A23C22C5E2E1100AABA3B /* Service */,
				3B7A23C12C5E2E0800AABA3B /* Config */,
				3B7A23C02C5E2E0000AABA3B /* Factory */,
				3B7A23BF2C5E2DE900AABA3B /* Extension */,
				3B7A23982C5E2DA300AABA3B /* Assets.xcassets */,
				3B7A239A2C5E2DA300AABA3B /* LaunchScreen.storyboard */,
				3B7A239D2C5E2DA300AABA3B /* Info.plist */,
			);
			path = TPETravel;
			sourceTree = "<group>";
		};
		3B7A23A52C5E2DA300AABA3B /* TPETravelTests */ = {
			isa = PBXGroup;
			children = (
				3B7A23A62C5E2DA300AABA3B /* TPETravelTests.swift */,
			);
			path = TPETravelTests;
			sourceTree = "<group>";
		};
		3B7A23AF2C5E2DA300AABA3B /* TPETravelUITests */ = {
			isa = PBXGroup;
			children = (
				3B7A23B02C5E2DA300AABA3B /* TPETravelUITests.swift */,
				3B7A23B22C5E2DA300AABA3B /* TPETravelUITestsLaunchTests.swift */,
			);
			path = TPETravelUITests;
			sourceTree = "<group>";
		};
		3B7A23BF2C5E2DE900AABA3B /* Extension */ = {
			isa = PBXGroup;
			children = (
				3B7A23E02C5E32E000AABA3B /* UIColor+Extension.swift */,
				3B7A23DE2C5E32E000AABA3B /* UIResponder+Extension.swift */,
				3B7A23DF2C5E32E000AABA3B /* UIView+Extension.swift */,
			);
			path = Extension;
			sourceTree = "<group>";
		};
		3B7A23C02C5E2E0000AABA3B /* Factory */ = {
			isa = PBXGroup;
			children = (
				3B7A23D82C5E32C700AABA3B /* LabelFactory.swift */,
			);
			path = Factory;
			sourceTree = "<group>";
		};
		3B7A23C12C5E2E0800AABA3B /* Config */ = {
			isa = PBXGroup;
			children = (
				3B7A23DA2C5E32D400AABA3B /* ThemeColor.swift */,
				3B7A23DB2C5E32D400AABA3B /* ThemeFont.swift */,
			);
			path = Config;
			sourceTree = "<group>";
		};
		3B7A23C22C5E2E1100AABA3B /* Service */ = {
			isa = PBXGroup;
			children = (
				3B7A23E42C5E330D00AABA3B /* NetworkService.swift */,
			);
			path = Service;
			sourceTree = "<group>";
		};
		3B7A23C52C5E2E4000AABA3B /* Home */ = {
			isa = PBXGroup;
			children = (
				3B7A23942C5E2DA200AABA3B /* HomeViewController.swift */,
				3B7A23962C5E2DA200AABA3B /* HomeViewModel.swift */,
			);
			path = Home;
			sourceTree = "<group>";
		};
		3B7A23C62C5E2E4800AABA3B /* News */ = {
			isa = PBXGroup;
			children = (
				3B7A23C92C5E2E7E00AABA3B /* NewsViewController.swift */,
				3B7A23CA2C5E2E7E00AABA3B /* NewsViewModel.swift */,
			);
			path = News;
			sourceTree = "<group>";
		};
		3B7A23CD2C5E2E8300AABA3B /* Spots */ = {
			isa = PBXGroup;
			children = (
				3B7A23CE2C5E2E8E00AABA3B /* SpotsViewController.swift */,
				3B7A23CF2C5E2E8E00AABA3B /* SpotsViewModel.swift */,
			);
			path = Spots;
			sourceTree = "<group>";
		};
/* End PBXGroup section */

/* Begin PBXNativeTarget section */
		3B7A238A2C5E2DA200AABA3B /* TPETravel */ = {
			isa = PBXNativeTarget;
			buildConfigurationList = 3B7A23B62C5E2DA300AABA3B /* Build configuration list for PBXNativeTarget "TPETravel" */;
			buildPhases = (
				3B7A23872C5E2DA200AABA3B /* Sources */,
				3B7A23882C5E2DA200AABA3B /* Frameworks */,
				3B7A23892C5E2DA200AABA3B /* Resources */,
			);
			buildRules = (
			);
			dependencies = (
			);
			name = TPETravel;
			packageProductDependencies = (
				3B7A23D32C5E2EC400AABA3B /* CombineCocoa */,
			);
			productName = TPETravel;
			productReference = 3B7A238B2C5E2DA200AABA3B /* TPETravel.app */;
			productType = "com.apple.product-type.application";
		};
		3B7A23A12C5E2DA300AABA3B /* TPETravelTests */ = {
			isa = PBXNativeTarget;
			buildConfigurationList = 3B7A23B92C5E2DA300AABA3B /* Build configuration list for PBXNativeTarget "TPETravelTests" */;
			buildPhases = (
				3B7A239E2C5E2DA300AABA3B /* Sources */,
				3B7A239F2C5E2DA300AABA3B /* Frameworks */,
				3B7A23A02C5E2DA300AABA3B /* Resources */,
			);
			buildRules = (
			);
			dependencies = (
				3B7A23A42C5E2DA300AABA3B /* PBXTargetDependency */,
			);
			name = TPETravelTests;
			productName = TPETravelTests;
			productReference = 3B7A23A22C5E2DA300AABA3B /* TPETravelTests.xctest */;
			productType = "com.apple.product-type.bundle.unit-test";
		};
		3B7A23AB2C5E2DA300AABA3B /* TPETravelUITests */ = {
			isa = PBXNativeTarget;
			buildConfigurationList = 3B7A23BC2C5E2DA300AABA3B /* Build configuration list for PBXNativeTarget "TPETravelUITests" */;
			buildPhases = (
				3B7A23A82C5E2DA300AABA3B /* Sources */,
				3B7A23A92C5E2DA300AABA3B /* Frameworks */,
				3B7A23AA2C5E2DA300AABA3B /* Resources */,
			);
			buildRules = (
			);
			dependencies = (
				3B7A23AE2C5E2DA300AABA3B /* PBXTargetDependency */,
			);
			name = TPETravelUITests;
			packageProductDependencies = (
				3B7A23D62C5E2F2800AABA3B /* SnapshotTesting */,
			);
			productName = TPETravelUITests;
			productReference = 3B7A23AC2C5E2DA300AABA3B /* TPETravelUITests.xctest */;
			productType = "com.apple.product-type.bundle.ui-testing";
		};
/* End PBXNativeTarget section */

/* Begin PBXProject section */
		3B7A23832C5E2DA200AABA3B /* Project object */ = {
			isa = PBXProject;
			attributes = {
				BuildIndependentTargetsInParallel = 1;
				LastSwiftUpdateCheck = 1530;
				LastUpgradeCheck = 1530;
				TargetAttributes = {
					3B7A238A2C5E2DA200AABA3B = {
						CreatedOnToolsVersion = 15.3;
					};
					3B7A23A12C5E2DA300AABA3B = {
						CreatedOnToolsVersion = 15.3;
						TestTargetID = 3B7A238A2C5E2DA200AABA3B;
					};
					3B7A23AB2C5E2DA300AABA3B = {
						CreatedOnToolsVersion = 15.3;
						TestTargetID = 3B7A238A2C5E2DA200AABA3B;
					};
				};
			};
			buildConfigurationList = 3B7A23862C5E2DA200AABA3B /* Build configuration list for PBXProject "TPETravel" */;
			compatibilityVersion = "Xcode 14.0";
			developmentRegion = en;
			hasScannedForEncodings = 0;
			knownRegions = (
				en,
				Base,
			);
			mainGroup = 3B7A23822C5E2DA200AABA3B;
			packageReferences = (
				3B7A23D22C5E2EC400AABA3B /* XCRemoteSwiftPackageReference "CombineCocoa" */,
				3B7A23D52C5E2F2800AABA3B /* XCRemoteSwiftPackageReference "swift-snapshot-testing" */,
			);
			productRefGroup = 3B7A238C2C5E2DA200AABA3B /* Products */;
			projectDirPath = "";
			projectRoot = "";
			targets = (
				3B7A238A2C5E2DA200AABA3B /* TPETravel */,
				3B7A23A12C5E2DA300AABA3B /* TPETravelTests */,
				3B7A23AB2C5E2DA300AABA3B /* TPETravelUITests */,
			);
		};
/* End PBXProject section */

/* Begin PBXResourcesBuildPhase section */
		3B7A23892C5E2DA200AABA3B /* Resources */ = {
			isa = PBXResourcesBuildPhase;
			buildActionMask = 2147483647;
			files = (
				3B7A23992C5E2DA300AABA3B /* Assets.xcassets in Resources */,
				3B7A239C2C5E2DA300AABA3B /* Base in Resources */,
			);
			runOnlyForDeploymentPostprocessing = 0;
		};
		3B7A23A02C5E2DA300AABA3B /* Resources */ = {
			isa = PBXResourcesBuildPhase;
			buildActionMask = 2147483647;
			files = (
			);
			runOnlyForDeploymentPostprocessing = 0;
		};
		3B7A23AA2C5E2DA300AABA3B /* Resources */ = {
			isa = PBXResourcesBuildPhase;
			buildActionMask = 2147483647;
			files = (
			);
			runOnlyForDeploymentPostprocessing = 0;
		};
/* End PBXResourcesBuildPhase section */

/* Begin PBXSourcesBuildPhase section */
		3B7A23872C5E2DA200AABA3B /* Sources */ = {
			isa = PBXSourcesBuildPhase;
			buildActionMask = 2147483647;
			files = (
				3B7A23DD2C5E32D400AABA3B /* ThemeFont.swift in Sources */,
				3B7A23D02C5E2E8E00AABA3B /* SpotsViewController.swift in Sources */,
				3B7A23D12C5E2E8E00AABA3B /* SpotsViewModel.swift in Sources */,
				3B7A238F2C5E2DA200AABA3B /* AppDelegate.swift in Sources */,
				3B7A23D92C5E32C700AABA3B /* LabelFactory.swift in Sources */,
				3B7A23912C5E2DA200AABA3B /* SceneDelegate.swift in Sources */,
				3B7A23CB2C5E2E7E00AABA3B /* NewsViewController.swift in Sources */,
				3B7A23DC2C5E32D400AABA3B /* ThemeColor.swift in Sources */,
				3B7A23E22C5E32E000AABA3B /* UIView+Extension.swift in Sources */,
				3B7A23E32C5E32E000AABA3B /* UIColor+Extension.swift in Sources */,
				3B7A23E52C5E330D00AABA3B /* NetworkService.swift in Sources */,
				3B7A23E12C5E32E000AABA3B /* UIResponder+Extension.swift in Sources */,
				3B7A23CC2C5E2E7E00AABA3B /* NewsViewModel.swift in Sources */,
				3B7A23932C5E2DA200AABA3B /* main.swift in Sources */,
				3B7A23972C5E2DA200AABA3B /* HomeViewModel.swift in Sources */,
				3B7A23952C5E2DA200AABA3B /* HomeViewController.swift in Sources */,
			);
			runOnlyForDeploymentPostprocessing = 0;
		};
		3B7A239E2C5E2DA300AABA3B /* Sources */ = {
			isa = PBXSourcesBuildPhase;
			buildActionMask = 2147483647;
			files = (
				3B7A23A72C5E2DA300AABA3B /* TPETravelTests.swift in Sources */,
			);
			runOnlyForDeploymentPostprocessing = 0;
		};
		3B7A23A82C5E2DA300AABA3B /* Sources */ = {
			isa = PBXSourcesBuildPhase;
			buildActionMask = 2147483647;
			files = (
				3B7A23B32C5E2DA300AABA3B /* TPETravelUITestsLaunchTests.swift in Sources */,
				3B7A23B12C5E2DA300AABA3B /* TPETravelUITests.swift in Sources */,
			);
			runOnlyForDeploymentPostprocessing = 0;
		};
/* End PBXSourcesBuildPhase section */

/* Begin PBXTargetDependency section */
		3B7A23A42C5E2DA300AABA3B /* PBXTargetDependency */ = {
			isa = PBXTargetDependency;
			target = 3B7A238A2C5E2DA200AABA3B /* TPETravel */;
			targetProxy = 3B7A23A32C5E2DA300AABA3B /* PBXContainerItemProxy */;
		};
		3B7A23AE2C5E2DA300AABA3B /* PBXTargetDependency */ = {
			isa = PBXTargetDependency;
			target = 3B7A238A2C5E2DA200AABA3B /* TPETravel */;
			targetProxy = 3B7A23AD2C5E2DA300AABA3B /* PBXContainerItemProxy */;
		};
/* End PBXTargetDependency section */

/* Begin PBXVariantGroup section */
		3B7A239A2C5E2DA300AABA3B /* LaunchScreen.storyboard */ = {
			isa = PBXVariantGroup;
			children = (
				3B7A239B2C5E2DA300AABA3B /* Base */,
			);
			name = LaunchScreen.storyboard;
			sourceTree = "<group>";
		};
/* End PBXVariantGroup section */

/* Begin XCBuildConfiguration section */
		3B7A23B42C5E2DA300AABA3B /* Debug */ = {
			isa = XCBuildConfiguration;
			buildSettings = {
				ALWAYS_SEARCH_USER_PATHS = NO;
				ASSETCATALOG_COMPILER_GENERATE_SWIFT_ASSET_SYMBOL_EXTENSIONS = YES;
				CLANG_ANALYZER_NONNULL = YES;
				CLANG_ANALYZER_NUMBER_OBJECT_CONVERSION = YES_AGGRESSIVE;
				CLANG_CXX_LANGUAGE_STANDARD = "gnu++20";
				CLANG_ENABLE_MODULES = YES;
				CLANG_ENABLE_OBJC_ARC = YES;
				CLANG_ENABLE_OBJC_WEAK = YES;
				CLANG_WARN_BLOCK_CAPTURE_AUTORELEASING = YES;
				CLANG_WARN_BOOL_CONVERSION = YES;
				CLANG_WARN_COMMA = YES;
				CLANG_WARN_CONSTANT_CONVERSION = YES;
				CLANG_WARN_DEPRECATED_OBJC_IMPLEMENTATIONS = YES;
				CLANG_WARN_DIRECT_OBJC_ISA_USAGE = YES_ERROR;
				CLANG_WARN_DOCUMENTATION_COMMENTS = YES;
				CLANG_WARN_EMPTY_BODY = YES;
				CLANG_WARN_ENUM_CONVERSION = YES;
				CLANG_WARN_INFINITE_RECURSION = YES;
				CLANG_WARN_INT_CONVERSION = YES;
				CLANG_WARN_NON_LITERAL_NULL_CONVERSION = YES;
				CLANG_WARN_OBJC_IMPLICIT_RETAIN_SELF = YES;
				CLANG_WARN_OBJC_LITERAL_CONVERSION = YES;
				CLANG_WARN_OBJC_ROOT_CLASS = YES_ERROR;
				CLANG_WARN_QUOTED_INCLUDE_IN_FRAMEWORK_HEADER = YES;
				CLANG_WARN_RANGE_LOOP_ANALYSIS = YES;
				CLANG_WARN_STRICT_PROTOTYPES = YES;
				CLANG_WARN_SUSPICIOUS_MOVE = YES;
				CLANG_WARN_UNGUARDED_AVAILABILITY = YES_AGGRESSIVE;
				CLANG_WARN_UNREACHABLE_CODE = YES;
				CLANG_WARN__DUPLICATE_METHOD_MATCH = YES;
				COPY_PHASE_STRIP = NO;
				DEBUG_INFORMATION_FORMAT = dwarf;
				ENABLE_STRICT_OBJC_MSGSEND = YES;
				ENABLE_TESTABILITY = YES;
				ENABLE_USER_SCRIPT_SANDBOXING = YES;
				GCC_C_LANGUAGE_STANDARD = gnu17;
				GCC_DYNAMIC_NO_PIC = NO;
				GCC_NO_COMMON_BLOCKS = YES;
				GCC_OPTIMIZATION_LEVEL = 0;
				GCC_PREPROCESSOR_DEFINITIONS = (
					"DEBUG=1",
					"$(inherited)",
				);
				GCC_WARN_64_TO_32_BIT_CONVERSION = YES;
				GCC_WARN_ABOUT_RETURN_TYPE = YES_ERROR;
				GCC_WARN_UNDECLARED_SELECTOR = YES;
				GCC_WARN_UNINITIALIZED_AUTOS = YES_AGGRESSIVE;
				GCC_WARN_UNUSED_FUNCTION = YES;
				GCC_WARN_UNUSED_VARIABLE = YES;
				IPHONEOS_DEPLOYMENT_TARGET = 17.4;
				LOCALIZATION_PREFERS_STRING_CATALOGS = YES;
				MTL_ENABLE_DEBUG_INFO = INCLUDE_SOURCE;
				MTL_FAST_MATH = YES;
				ONLY_ACTIVE_ARCH = YES;
				SDKROOT = iphoneos;
				SWIFT_ACTIVE_COMPILATION_CONDITIONS = "DEBUG $(inherited)";
				SWIFT_OPTIMIZATION_LEVEL = "-Onone";
			};
			name = Debug;
		};
		3B7A23B52C5E2DA300AABA3B /* Release */ = {
			isa = XCBuildConfiguration;
			buildSettings = {
				ALWAYS_SEARCH_USER_PATHS = NO;
				ASSETCATALOG_COMPILER_GENERATE_SWIFT_ASSET_SYMBOL_EXTENSIONS = YES;
				CLANG_ANALYZER_NONNULL = YES;
				CLANG_ANALYZER_NUMBER_OBJECT_CONVERSION = YES_AGGRESSIVE;
				CLANG_CXX_LANGUAGE_STANDARD = "gnu++20";
				CLANG_ENABLE_MODULES = YES;
				CLANG_ENABLE_OBJC_ARC = YES;
				CLANG_ENABLE_OBJC_WEAK = YES;
				CLANG_WARN_BLOCK_CAPTURE_AUTORELEASING = YES;
				CLANG_WARN_BOOL_CONVERSION = YES;
				CLANG_WARN_COMMA = YES;
				CLANG_WARN_CONSTANT_CONVERSION = YES;
				CLANG_WARN_DEPRECATED_OBJC_IMPLEMENTATIONS = YES;
				CLANG_WARN_DIRECT_OBJC_ISA_USAGE = YES_ERROR;
				CLANG_WARN_DOCUMENTATION_COMMENTS = YES;
				CLANG_WARN_EMPTY_BODY = YES;
				CLANG_WARN_ENUM_CONVERSION = YES;
				CLANG_WARN_INFINITE_RECURSION = YES;
				CLANG_WARN_INT_CONVERSION = YES;
				CLANG_WARN_NON_LITERAL_NULL_CONVERSION = YES;
				CLANG_WARN_OBJC_IMPLICIT_RETAIN_SELF = YES;
				CLANG_WARN_OBJC_LITERAL_CONVERSION = YES;
				CLANG_WARN_OBJC_ROOT_CLASS = YES_ERROR;
				CLANG_WARN_QUOTED_INCLUDE_IN_FRAMEWORK_HEADER = YES;
				CLANG_WARN_RANGE_LOOP_ANALYSIS = YES;
				CLANG_WARN_STRICT_PROTOTYPES = YES;
				CLANG_WARN_SUSPICIOUS_MOVE = YES;
				CLANG_WARN_UNGUARDED_AVAILABILITY = YES_AGGRESSIVE;
				CLANG_WARN_UNREACHABLE_CODE = YES;
				CLANG_WARN__DUPLICATE_METHOD_MATCH = YES;
				COPY_PHASE_STRIP = NO;
				DEBUG_INFORMATION_FORMAT = "dwarf-with-dsym";
				ENABLE_NS_ASSERTIONS = NO;
				ENABLE_STRICT_OBJC_MSGSEND = YES;
				ENABLE_USER_SCRIPT_SANDBOXING = YES;
				GCC_C_LANGUAGE_STANDARD = gnu17;
				GCC_NO_COMMON_BLOCKS = YES;
				GCC_WARN_64_TO_32_BIT_CONVERSION = YES;
				GCC_WARN_ABOUT_RETURN_TYPE = YES_ERROR;
				GCC_WARN_UNDECLARED_SELECTOR = YES;
				GCC_WARN_UNINITIALIZED_AUTOS = YES_AGGRESSIVE;
				GCC_WARN_UNUSED_FUNCTION = YES;
				GCC_WARN_UNUSED_VARIABLE = YES;
				IPHONEOS_DEPLOYMENT_TARGET = 17.4;
				LOCALIZATION_PREFERS_STRING_CATALOGS = YES;
				MTL_ENABLE_DEBUG_INFO = NO;
				MTL_FAST_MATH = YES;
				SDKROOT = iphoneos;
				SWIFT_COMPILATION_MODE = wholemodule;
				VALIDATE_PRODUCT = YES;
			};
			name = Release;
		};
		3B7A23B72C5E2DA300AABA3B /* Debug */ = {
			isa = XCBuildConfiguration;
			buildSettings = {
				ASSETCATALOG_COMPILER_APPICON_NAME = AppIcon;
				ASSETCATALOG_COMPILER_GLOBAL_ACCENT_COLOR_NAME = AccentColor;
				CODE_SIGN_STYLE = Automatic;
				CURRENT_PROJECT_VERSION = 1;
				DEVELOPMENT_TEAM = 5BP43NW7P4;
				GENERATE_INFOPLIST_FILE = YES;
				INFOPLIST_FILE = TPETravel/Info.plist;
				INFOPLIST_KEY_UIApplicationSupportsIndirectInputEvents = YES;
				INFOPLIST_KEY_UILaunchStoryboardName = LaunchScreen;
				INFOPLIST_KEY_UISupportedInterfaceOrientations_iPad = "UIInterfaceOrientationPortrait UIInterfaceOrientationPortraitUpsideDown UIInterfaceOrientationLandscapeLeft UIInterfaceOrientationLandscapeRight";
				INFOPLIST_KEY_UISupportedInterfaceOrientations_iPhone = "UIInterfaceOrientationPortrait UIInterfaceOrientationLandscapeLeft UIInterfaceOrientationLandscapeRight";
				LD_RUNPATH_SEARCH_PATHS = (
					"$(inherited)",
					"@executable_path/Frameworks",
				);
				MARKETING_VERSION = 1.0;
				PRODUCT_BUNDLE_IDENTIFIER = com.kaifu.TPETravel;
				PRODUCT_NAME = "$(TARGET_NAME)";
				SWIFT_EMIT_LOC_STRINGS = YES;
				SWIFT_VERSION = 5.0;
				TARGETED_DEVICE_FAMILY = "1,2";
			};
			name = Debug;
		};
		3B7A23B82C5E2DA300AABA3B /* Release */ = {
			isa = XCBuildConfiguration;
			buildSettings = {
				ASSETCATALOG_COMPILER_APPICON_NAME = AppIcon;
				ASSETCATALOG_COMPILER_GLOBAL_ACCENT_COLOR_NAME = AccentColor;
				CODE_SIGN_STYLE = Automatic;
				CURRENT_PROJECT_VERSION = 1;
				DEVELOPMENT_TEAM = 5BP43NW7P4;
				GENERATE_INFOPLIST_FILE = YES;
				INFOPLIST_FILE = TPETravel/Info.plist;
				INFOPLIST_KEY_UIApplicationSupportsIndirectInputEvents = YES;
				INFOPLIST_KEY_UILaunchStoryboardName = LaunchScreen;
				INFOPLIST_KEY_UISupportedInterfaceOrientations_iPad = "UIInterfaceOrientationPortrait UIInterfaceOrientationPortraitUpsideDown UIInterfaceOrientationLandscapeLeft UIInterfaceOrientationLandscapeRight";
				INFOPLIST_KEY_UISupportedInterfaceOrientations_iPhone = "UIInterfaceOrientationPortrait UIInterfaceOrientationLandscapeLeft UIInterfaceOrientationLandscapeRight";
				LD_RUNPATH_SEARCH_PATHS = (
					"$(inherited)",
					"@executable_path/Frameworks",
				);
				MARKETING_VERSION = 1.0;
				PRODUCT_BUNDLE_IDENTIFIER = com.kaifu.TPETravel;
				PRODUCT_NAME = "$(TARGET_NAME)";
				SWIFT_EMIT_LOC_STRINGS = YES;
				SWIFT_VERSION = 5.0;
				TARGETED_DEVICE_FAMILY = "1,2";
			};
			name = Release;
		};
		3B7A23BA2C5E2DA300AABA3B /* Debug */ = {
			isa = XCBuildConfiguration;
			buildSettings = {
				ALWAYS_EMBED_SWIFT_STANDARD_LIBRARIES = YES;
				BUNDLE_LOADER = "$(TEST_HOST)";
				CODE_SIGN_STYLE = Automatic;
				CURRENT_PROJECT_VERSION = 1;
				DEVELOPMENT_TEAM = 5BP43NW7P4;
				GENERATE_INFOPLIST_FILE = YES;
				IPHONEOS_DEPLOYMENT_TARGET = 17.4;
				MARKETING_VERSION = 1.0;
				PRODUCT_BUNDLE_IDENTIFIER = com.kaifu.TPETravelTests;
				PRODUCT_NAME = "$(TARGET_NAME)";
				SWIFT_EMIT_LOC_STRINGS = NO;
				SWIFT_VERSION = 5.0;
				TARGETED_DEVICE_FAMILY = "1,2";
				TEST_HOST = "$(BUILT_PRODUCTS_DIR)/TPETravel.app/$(BUNDLE_EXECUTABLE_FOLDER_PATH)/TPETravel";
			};
			name = Debug;
		};
		3B7A23BB2C5E2DA300AABA3B /* Release */ = {
			isa = XCBuildConfiguration;
			buildSettings = {
				ALWAYS_EMBED_SWIFT_STANDARD_LIBRARIES = YES;
				BUNDLE_LOADER = "$(TEST_HOST)";
				CODE_SIGN_STYLE = Automatic;
				CURRENT_PROJECT_VERSION = 1;
				DEVELOPMENT_TEAM = 5BP43NW7P4;
				GENERATE_INFOPLIST_FILE = YES;
				IPHONEOS_DEPLOYMENT_TARGET = 17.4;
				MARKETING_VERSION = 1.0;
				PRODUCT_BUNDLE_IDENTIFIER = com.kaifu.TPETravelTests;
				PRODUCT_NAME = "$(TARGET_NAME)";
				SWIFT_EMIT_LOC_STRINGS = NO;
				SWIFT_VERSION = 5.0;
				TARGETED_DEVICE_FAMILY = "1,2";
				TEST_HOST = "$(BUILT_PRODUCTS_DIR)/TPETravel.app/$(BUNDLE_EXECUTABLE_FOLDER_PATH)/TPETravel";
			};
			name = Release;
		};
		3B7A23BD2C5E2DA300AABA3B /* Debug */ = {
			isa = XCBuildConfiguration;
			buildSettings = {
				ALWAYS_EMBED_SWIFT_STANDARD_LIBRARIES = YES;
				CODE_SIGN_STYLE = Automatic;
				CURRENT_PROJECT_VERSION = 1;
				DEVELOPMENT_TEAM = 5BP43NW7P4;
				GENERATE_INFOPLIST_FILE = YES;
				MARKETING_VERSION = 1.0;
				PRODUCT_BUNDLE_IDENTIFIER = com.kaifu.TPETravelUITests;
				PRODUCT_NAME = "$(TARGET_NAME)";
				SWIFT_EMIT_LOC_STRINGS = NO;
				SWIFT_VERSION = 5.0;
				TARGETED_DEVICE_FAMILY = "1,2";
				TEST_TARGET_NAME = TPETravel;
			};
			name = Debug;
		};
		3B7A23BE2C5E2DA300AABA3B /* Release */ = {
			isa = XCBuildConfiguration;
			buildSettings = {
				ALWAYS_EMBED_SWIFT_STANDARD_LIBRARIES = YES;
				CODE_SIGN_STYLE = Automatic;
				CURRENT_PROJECT_VERSION = 1;
				DEVELOPMENT_TEAM = 5BP43NW7P4;
				GENERATE_INFOPLIST_FILE = YES;
				MARKETING_VERSION = 1.0;
				PRODUCT_BUNDLE_IDENTIFIER = com.kaifu.TPETravelUITests;
				PRODUCT_NAME = "$(TARGET_NAME)";
				SWIFT_EMIT_LOC_STRINGS = NO;
				SWIFT_VERSION = 5.0;
				TARGETED_DEVICE_FAMILY = "1,2";
				TEST_TARGET_NAME = TPETravel;
			};
			name = Release;
		};
/* End XCBuildConfiguration section */

/* Begin XCConfigurationList section */
		3B7A23862C5E2DA200AABA3B /* Build configuration list for PBXProject "TPETravel" */ = {
			isa = XCConfigurationList;
			buildConfigurations = (
				3B7A23B42C5E2DA300AABA3B /* Debug */,
				3B7A23B52C5E2DA300AABA3B /* Release */,
			);
			defaultConfigurationIsVisible = 0;
			defaultConfigurationName = Release;
		};
		3B7A23B62C5E2DA300AABA3B /* Build configuration list for PBXNativeTarget "TPETravel" */ = {
			isa = XCConfigurationList;
			buildConfigurations = (
				3B7A23B72C5E2DA300AABA3B /* Debug */,
				3B7A23B82C5E2DA300AABA3B /* Release */,
			);
			defaultConfigurationIsVisible = 0;
			defaultConfigurationName = Release;
		};
		3B7A23B92C5E2DA300AABA3B /* Build configuration list for PBXNativeTarget "TPETravelTests" */ = {
			isa = XCConfigurationList;
			buildConfigurations = (
				3B7A23BA2C5E2DA300AABA3B /* Debug */,
				3B7A23BB2C5E2DA300AABA3B /* Release */,
			);
			defaultConfigurationIsVisible = 0;
			defaultConfigurationName = Release;
		};
		3B7A23BC2C5E2DA300AABA3B /* Build configuration list for PBXNativeTarget "TPETravelUITests" */ = {
			isa = XCConfigurationList;
			buildConfigurations = (
				3B7A23BD2C5E2DA300AABA3B /* Debug */,
				3B7A23BE2C5E2DA300AABA3B /* Release */,
			);
			defaultConfigurationIsVisible = 0;
			defaultConfigurationName = Release;
		};
/* End XCConfigurationList section */

/* Begin XCRemoteSwiftPackageReference section */
		3B7A23D22C5E2EC400AABA3B /* XCRemoteSwiftPackageReference "CombineCocoa" */ = {
			isa = XCRemoteSwiftPackageReference;
			repositoryURL = "https://github.com/CombineCommunity/CombineCocoa";
			requirement = {
				kind = upToNextMajorVersion;
				minimumVersion = 0.4.1;
			};
		};
		3B7A23D52C5E2F2800AABA3B /* XCRemoteSwiftPackageReference "swift-snapshot-testing" */ = {
			isa = XCRemoteSwiftPackageReference;
			repositoryURL = "https://github.com/pointfreeco/swift-snapshot-testing";
			requirement = {
				kind = upToNextMajorVersion;
				minimumVersion = 1.17.3;
			};
		};
/* End XCRemoteSwiftPackageReference section */

/* Begin XCSwiftPackageProductDependency section */
		3B7A23D32C5E2EC400AABA3B /* CombineCocoa */ = {
			isa = XCSwiftPackageProductDependency;
			package = 3B7A23D22C5E2EC400AABA3B /* XCRemoteSwiftPackageReference "CombineCocoa" */;
			productName = CombineCocoa;
		};
		3B7A23D62C5E2F2800AABA3B /* SnapshotTesting */ = {
			isa = XCSwiftPackageProductDependency;
			package = 3B7A23D52C5E2F2800AABA3B /* XCRemoteSwiftPackageReference "swift-snapshot-testing" */;
			productName = SnapshotTesting;
		};
/* End XCSwiftPackageProductDependency section */
	};
	rootObject = 3B7A23832C5E2DA200AABA3B /* Project object */;
}
